// !$*UTF8*$!
{
	archiveVersion = 1;
	classes = {
	};
	objectVersion = 55;
	objects = {

/* Begin PBXBuildFile section */
		08D1157528FAC683003ED4CA /* AppDelegate.swift in Sources */ = {isa = PBXBuildFile; fileRef = 08D1157428FAC683003ED4CA /* AppDelegate.swift */; };
		08D1157728FAC683003ED4CA /* SceneDelegate.swift in Sources */ = {isa = PBXBuildFile; fileRef = 08D1157628FAC683003ED4CA /* SceneDelegate.swift */; };
		08D1157928FAC683003ED4CA /* ViewController.swift in Sources */ = {isa = PBXBuildFile; fileRef = 08D1157828FAC683003ED4CA /* ViewController.swift */; };
		08D1157C28FAC683003ED4CA /* Main.storyboard in Resources */ = {isa = PBXBuildFile; fileRef = 08D1157A28FAC683003ED4CA /* Main.storyboard */; };
		08D1157E28FAC684003ED4CA /* Assets.xcassets in Resources */ = {isa = PBXBuildFile; fileRef = 08D1157D28FAC684003ED4CA /* Assets.xcassets */; };
		08D1158128FAC684003ED4CA /* LaunchScreen.storyboard in Resources */ = {isa = PBXBuildFile; fileRef = 08D1157F28FAC684003ED4CA /* LaunchScreen.storyboard */; };
		08D1158C28FAC684003ED4CA /* GifferTests.swift in Sources */ = {isa = PBXBuildFile; fileRef = 08D1158B28FAC684003ED4CA /* GifferTests.swift */; };
		08D1159628FAC684003ED4CA /* GifferUITests.swift in Sources */ = {isa = PBXBuildFile; fileRef = 08D1159528FAC684003ED4CA /* GifferUITests.swift */; };
		08D1159828FAC684003ED4CA /* GifferUITestsLaunchTests.swift in Sources */ = {isa = PBXBuildFile; fileRef = 08D1159728FAC684003ED4CA /* GifferUITestsLaunchTests.swift */; };
		B2BE9944D326B673339D7CB9 /* Pods_Giffer.framework in Frameworks */ = {isa = PBXBuildFile; fileRef = F904E27C40E17486C7CCF7A6 /* Pods_Giffer.framework */; };
/* End PBXBuildFile section */

/* Begin PBXContainerItemProxy section */
		08D1158828FAC684003ED4CA /* PBXContainerItemProxy */ = {
			isa = PBXContainerItemProxy;
			containerPortal = 08D1156928FAC683003ED4CA /* Project object */;
			proxyType = 1;
			remoteGlobalIDString = 08D1157028FAC683003ED4CA;
			remoteInfo = Giffer;
		};
		08D1159228FAC684003ED4CA /* PBXContainerItemProxy */ = {
			isa = PBXContainerItemProxy;
			containerPortal = 08D1156928FAC683003ED4CA /* Project object */;
			proxyType = 1;
			remoteGlobalIDString = 08D1157028FAC683003ED4CA;
			remoteInfo = Giffer;
		};
/* End PBXContainerItemProxy section */

/* Begin PBXFileReference section */
		08D1157128FAC683003ED4CA /* Giffer.app */ = {isa = PBXFileReference; explicitFileType = wrapper.application; includeInIndex = 0; path = Giffer.app; sourceTree = BUILT_PRODUCTS_DIR; };
		08D1157428FAC683003ED4CA /* AppDelegate.swift */ = {isa = PBXFileReference; lastKnownFileType = sourcecode.swift; path = AppDelegate.swift; sourceTree = "<group>"; };
		08D1157628FAC683003ED4CA /* SceneDelegate.swift */ = {isa = PBXFileReference; lastKnownFileType = sourcecode.swift; path = SceneDelegate.swift; sourceTree = "<group>"; };
		08D1157828FAC683003ED4CA /* ViewController.swift */ = {isa = PBXFileReference; lastKnownFileType = sourcecode.swift; path = ViewController.swift; sourceTree = "<group>"; };
		08D1157B28FAC683003ED4CA /* Base */ = {isa = PBXFileReference; lastKnownFileType = file.storyboard; name = Base; path = Base.lproj/Main.storyboard; sourceTree = "<group>"; };
		08D1157D28FAC684003ED4CA /* Assets.xcassets */ = {isa = PBXFileReference; lastKnownFileType = folder.assetcatalog; path = Assets.xcassets; sourceTree = "<group>"; };
		08D1158028FAC684003ED4CA /* Base */ = {isa = PBXFileReference; lastKnownFileType = file.storyboard; name = Base; path = Base.lproj/LaunchScreen.storyboard; sourceTree = "<group>"; };
		08D1158228FAC684003ED4CA /* Info.plist */ = {isa = PBXFileReference; lastKnownFileType = text.plist.xml; path = Info.plist; sourceTree = "<group>"; };
		08D1158728FAC684003ED4CA /* GifferTests.xctest */ = {isa = PBXFileReference; explicitFileType = wrapper.cfbundle; includeInIndex = 0; path = GifferTests.xctest; sourceTree = BUILT_PRODUCTS_DIR; };
		08D1158B28FAC684003ED4CA /* GifferTests.swift */ = {isa = PBXFileReference; lastKnownFileType = sourcecode.swift; path = GifferTests.swift; sourceTree = "<group>"; };
		08D1159128FAC684003ED4CA /* GifferUITests.xctest */ = {isa = PBXFileReference; explicitFileType = wrapper.cfbundle; includeInIndex = 0; path = GifferUITests.xctest; sourceTree = BUILT_PRODUCTS_DIR; };
		08D1159528FAC684003ED4CA /* GifferUITests.swift */ = {isa = PBXFileReference; lastKnownFileType = sourcecode.swift; path = GifferUITests.swift; sourceTree = "<group>"; };
		08D1159728FAC684003ED4CA /* GifferUITestsLaunchTests.swift */ = {isa = PBXFileReference; lastKnownFileType = sourcecode.swift; path = GifferUITestsLaunchTests.swift; sourceTree = "<group>"; };
		9C414561CC99E907C9FEBAAF /* Pods-Giffer.debug.xcconfig */ = {isa = PBXFileReference; includeInIndex = 1; lastKnownFileType = text.xcconfig; name = "Pods-Giffer.debug.xcconfig"; path = "Target Support Files/Pods-Giffer/Pods-Giffer.debug.xcconfig"; sourceTree = "<group>"; };
		F904E27C40E17486C7CCF7A6 /* Pods_Giffer.framework */ = {isa = PBXFileReference; explicitFileType = wrapper.framework; includeInIndex = 0; path = Pods_Giffer.framework; sourceTree = BUILT_PRODUCTS_DIR; };
		FDBF6A738F10972AE332895E /* Pods-Giffer.release.xcconfig */ = {isa = PBXFileReference; includeInIndex = 1; lastKnownFileType = text.xcconfig; name = "Pods-Giffer.release.xcconfig"; path = "Target Support Files/Pods-Giffer/Pods-Giffer.release.xcconfig"; sourceTree = "<group>"; };
/* End PBXFileReference section */

/* Begin PBXFrameworksBuildPhase section */
		08D1156E28FAC683003ED4CA /* Frameworks */ = {
			isa = PBXFrameworksBuildPhase;
			buildActionMask = 2147483647;
			files = (
				B2BE9944D326B673339D7CB9 /* Pods_Giffer.framework in Frameworks */,
			);
			runOnlyForDeploymentPostprocessing = 0;
		};
		08D1158428FAC684003ED4CA /* Frameworks */ = {
			isa = PBXFrameworksBuildPhase;
			buildActionMask = 2147483647;
			files = (
			);
			runOnlyForDeploymentPostprocessing = 0;
		};
		08D1158E28FAC684003ED4CA /* Frameworks */ = {
			isa = PBXFrameworksBuildPhase;
			buildActionMask = 2147483647;
			files = (
			);
			runOnlyForDeploymentPostprocessing = 0;
		};
/* End PBXFrameworksBuildPhase section */

/* Begin PBXGroup section */
		0884987428FAC7B100857F5D /* Sources */ = {
			isa = PBXGroup;
			children = (
				08D1157428FAC683003ED4CA /* AppDelegate.swift */,
				08D1157628FAC683003ED4CA /* SceneDelegate.swift */,
				08D1157828FAC683003ED4CA /* ViewController.swift */,
			);
			path = Sources;
			sourceTree = "<group>";
		};
		0884987528FAC7B600857F5D /* Resources */ = {
			isa = PBXGroup;
			children = (
				08D1157D28FAC684003ED4CA /* Assets.xcassets */,
				08D1157F28FAC684003ED4CA /* LaunchScreen.storyboard */,
			);
			path = Resources;
			sourceTree = "<group>";
		};
		08D1156828FAC683003ED4CA = {
			isa = PBXGroup;
			children = (
				08D1157328FAC683003ED4CA /* Giffer */,
				08D1158A28FAC684003ED4CA /* GifferTests */,
				08D1159428FAC684003ED4CA /* GifferUITests */,
				08D1157228FAC683003ED4CA /* Products */,
				749368D383C84F09ABAF5569 /* Pods */,
				23CCAAA3FC67030520041EFD /* Frameworks */,
			);
			sourceTree = "<group>";
		};
		08D1157228FAC683003ED4CA /* Products */ = {
			isa = PBXGroup;
			children = (
				08D1157128FAC683003ED4CA /* Giffer.app */,
				08D1158728FAC684003ED4CA /* GifferTests.xctest */,
				08D1159128FAC684003ED4CA /* GifferUITests.xctest */,
			);
			name = Products;
			sourceTree = "<group>";
		};
		08D1157328FAC683003ED4CA /* Giffer */ = {
			isa = PBXGroup;
			children = (
				0884987428FAC7B100857F5D /* Sources */,
				0884987528FAC7B600857F5D /* Resources */,
				08D1157A28FAC683003ED4CA /* Main.storyboard */,
				08D1158228FAC684003ED4CA /* Info.plist */,
			);
			path = Giffer;
			sourceTree = "<group>";
		};
		08D1158A28FAC684003ED4CA /* GifferTests */ = {
			isa = PBXGroup;
			children = (
				08D1158B28FAC684003ED4CA /* GifferTests.swift */,
			);
			path = GifferTests;
			sourceTree = "<group>";
		};
		08D1159428FAC684003ED4CA /* GifferUITests */ = {
			isa = PBXGroup;
			children = (
				08D1159528FAC684003ED4CA /* GifferUITests.swift */,
				08D1159728FAC684003ED4CA /* GifferUITestsLaunchTests.swift */,
			);
			path = GifferUITests;
			sourceTree = "<group>";
		};
		23CCAAA3FC67030520041EFD /* Frameworks */ = {
			isa = PBXGroup;
			children = (
				F904E27C40E17486C7CCF7A6 /* Pods_Giffer.framework */,
			);
			name = Frameworks;
			sourceTree = "<group>";
		};
		749368D383C84F09ABAF5569 /* Pods */ = {
			isa = PBXGroup;
			children = (
				9C414561CC99E907C9FEBAAF /* Pods-Giffer.debug.xcconfig */,
				FDBF6A738F10972AE332895E /* Pods-Giffer.release.xcconfig */,
			);
			name = Pods;
			path = Pods;
			sourceTree = "<group>";
		};
/* End PBXGroup section */

/* Begin PBXNativeTarget section */
		08D1157028FAC683003ED4CA /* Giffer */ = {
			isa = PBXNativeTarget;
			buildConfigurationList = 08D1159B28FAC684003ED4CA /* Build configuration list for PBXNativeTarget "Giffer" */;
			buildPhases = (
				421A74E5A34BA670C96BE6E9 /* [CP] Check Pods Manifest.lock */,
				08D1156D28FAC683003ED4CA /* Sources */,
				08D1156E28FAC683003ED4CA /* Frameworks */,
				08D1156F28FAC683003ED4CA /* Resources */,
				32F9753CA825938A05028F12 /* [CP] Embed Pods Frameworks */,
			);
			buildRules = (
			);
			dependencies = (
			);
			name = Giffer;
			productName = Giffer;
			productReference = 08D1157128FAC683003ED4CA /* Giffer.app */;
			productType = "com.apple.product-type.application";
		};
		08D1158628FAC684003ED4CA /* GifferTests */ = {
			isa = PBXNativeTarget;
			buildConfigurationList = 08D1159E28FAC684003ED4CA /* Build configuration list for PBXNativeTarget "GifferTests" */;
			buildPhases = (
				08D1158328FAC684003ED4CA /* Sources */,
				08D1158428FAC684003ED4CA /* Frameworks */,
				08D1158528FAC684003ED4CA /* Resources */,
			);
			buildRules = (
			);
			dependencies = (
				08D1158928FAC684003ED4CA /* PBXTargetDependency */,
			);
			name = GifferTests;
			productName = GifferTests;
			productReference = 08D1158728FAC684003ED4CA /* GifferTests.xctest */;
			productType = "com.apple.product-type.bundle.unit-test";
		};
		08D1159028FAC684003ED4CA /* GifferUITests */ = {
			isa = PBXNativeTarget;
			buildConfigurationList = 08D115A128FAC684003ED4CA /* Build configuration list for PBXNativeTarget "GifferUITests" */;
			buildPhases = (
				08D1158D28FAC684003ED4CA /* Sources */,
				08D1158E28FAC684003ED4CA /* Frameworks */,
				08D1158F28FAC684003ED4CA /* Resources */,
			);
			buildRules = (
			);
			dependencies = (
				08D1159328FAC684003ED4CA /* PBXTargetDependency */,
			);
			name = GifferUITests;
			productName = GifferUITests;
			productReference = 08D1159128FAC684003ED4CA /* GifferUITests.xctest */;
			productType = "com.apple.product-type.bundle.ui-testing";
		};
/* End PBXNativeTarget section */

/* Begin PBXProject section */
		08D1156928FAC683003ED4CA /* Project object */ = {
			isa = PBXProject;
			attributes = {
				BuildIndependentTargetsInParallel = 1;
				LastSwiftUpdateCheck = 1400;
				LastUpgradeCheck = 1400;
				TargetAttributes = {
					08D1157028FAC683003ED4CA = {
						CreatedOnToolsVersion = 14.0.1;
					};
					08D1158628FAC684003ED4CA = {
						CreatedOnToolsVersion = 14.0.1;
						TestTargetID = 08D1157028FAC683003ED4CA;
					};
					08D1159028FAC684003ED4CA = {
						CreatedOnToolsVersion = 14.0.1;
						TestTargetID = 08D1157028FAC683003ED4CA;
					};
				};
			};
			buildConfigurationList = 08D1156C28FAC683003ED4CA /* Build configuration list for PBXProject "Giffer" */;
			compatibilityVersion = "Xcode 13.0";
			developmentRegion = en;
			hasScannedForEncodings = 0;
			knownRegions = (
				en,
				Base,
			);
			mainGroup = 08D1156828FAC683003ED4CA;
			productRefGroup = 08D1157228FAC683003ED4CA /* Products */;
			projectDirPath = "";
			projectRoot = "";
			targets = (
				08D1157028FAC683003ED4CA /* Giffer */,
				08D1158628FAC684003ED4CA /* GifferTests */,
				08D1159028FAC684003ED4CA /* GifferUITests */,
			);
		};
/* End PBXProject section */

/* Begin PBXResourcesBuildPhase section */
		08D1156F28FAC683003ED4CA /* Resources */ = {
			isa = PBXResourcesBuildPhase;
			buildActionMask = 2147483647;
			files = (
				08D1158128FAC684003ED4CA /* LaunchScreen.storyboard in Resources */,
				08D1157E28FAC684003ED4CA /* Assets.xcassets in Resources */,
				08D1157C28FAC683003ED4CA /* Main.storyboard in Resources */,
			);
			runOnlyForDeploymentPostprocessing = 0;
		};
		08D1158528FAC684003ED4CA /* Resources */ = {
			isa = PBXResourcesBuildPhase;
			buildActionMask = 2147483647;
			files = (
			);
			runOnlyForDeploymentPostprocessing = 0;
		};
		08D1158F28FAC684003ED4CA /* Resources */ = {
			isa = PBXResourcesBuildPhase;
			buildActionMask = 2147483647;
			files = (
			);
			runOnlyForDeploymentPostprocessing = 0;
		};
/* End PBXResourcesBuildPhase section */

/* Begin PBXShellScriptBuildPhase section */
		32F9753CA825938A05028F12 /* [CP] Embed Pods Frameworks */ = {
			isa = PBXShellScriptBuildPhase;
			buildActionMask = 2147483647;
			files = (
			);
			inputFileListPaths = (
				"${PODS_ROOT}/Target Support Files/Pods-Giffer/Pods-Giffer-frameworks-${CONFIGURATION}-input-files.xcfilelist",
			);
			name = "[CP] Embed Pods Frameworks";
			outputFileListPaths = (
				"${PODS_ROOT}/Target Support Files/Pods-Giffer/Pods-Giffer-frameworks-${CONFIGURATION}-output-files.xcfilelist",
			);
			runOnlyForDeploymentPostprocessing = 0;
			shellPath = /bin/sh;
			shellScript = "\"${PODS_ROOT}/Target Support Files/Pods-Giffer/Pods-Giffer-frameworks.sh\"\n";
			showEnvVarsInLog = 0;
		};
		421A74E5A34BA670C96BE6E9 /* [CP] Check Pods Manifest.lock */ = {
			isa = PBXShellScriptBuildPhase;
			buildActionMask = 2147483647;
			files = (
			);
			inputFileListPaths = (
			);
			inputPaths = (
				"${PODS_PODFILE_DIR_PATH}/Podfile.lock",
				"${PODS_ROOT}/Manifest.lock",
			);
			name = "[CP] Check Pods Manifest.lock";
			outputFileListPaths = (
			);
			outputPaths = (
				"$(DERIVED_FILE_DIR)/Pods-Giffer-checkManifestLockResult.txt",
			);
			runOnlyForDeploymentPostprocessing = 0;
			shellPath = /bin/sh;
			shellScript = "diff \"${PODS_PODFILE_DIR_PATH}/Podfile.lock\" \"${PODS_ROOT}/Manifest.lock\" > /dev/null\nif [ $? != 0 ] ; then\n    # print error to STDERR\n    echo \"error: The sandbox is not in sync with the Podfile.lock. Run 'pod install' or update your CocoaPods installation.\" >&2\n    exit 1\nfi\n# This output is used by Xcode 'outputs' to avoid re-running this script phase.\necho \"SUCCESS\" > \"${SCRIPT_OUTPUT_FILE_0}\"\n";
			showEnvVarsInLog = 0;
		};
/* End PBXShellScriptBuildPhase section */

/* Begin PBXSourcesBuildPhase section */
		08D1156D28FAC683003ED4CA /* Sources */ = {
			isa = PBXSourcesBuildPhase;
			buildActionMask = 2147483647;
			files = (
				08D1157928FAC683003ED4CA /* ViewController.swift in Sources */,
				08D1157528FAC683003ED4CA /* AppDelegate.swift in Sources */,
				08D1157728FAC683003ED4CA /* SceneDelegate.swift in Sources */,
			);
			runOnlyForDeploymentPostprocessing = 0;
		};
		08D1158328FAC684003ED4CA /* Sources */ = {
			isa = PBXSourcesBuildPhase;
			buildActionMask = 2147483647;
			files = (
				08D1158C28FAC684003ED4CA /* GifferTests.swift in Sources */,
			);
			runOnlyForDeploymentPostprocessing = 0;
		};
		08D1158D28FAC684003ED4CA /* Sources */ = {
			isa = PBXSourcesBuildPhase;
			buildActionMask = 2147483647;
			files = (
				08D1159628FAC684003ED4CA /* GifferUITests.swift in Sources */,
				08D1159828FAC684003ED4CA /* GifferUITestsLaunchTests.swift in Sources */,
			);
			runOnlyForDeploymentPostprocessing = 0;
		};
/* End PBXSourcesBuildPhase section */

/* Begin PBXTargetDependency section */
		08D1158928FAC684003ED4CA /* PBXTargetDependency */ = {
			isa = PBXTargetDependency;
			target = 08D1157028FAC683003ED4CA /* Giffer */;
			targetProxy = 08D1158828FAC684003ED4CA /* PBXContainerItemProxy */;
		};
		08D1159328FAC684003ED4CA /* PBXTargetDependency */ = {
			isa = PBXTargetDependency;
			target = 08D1157028FAC683003ED4CA /* Giffer */;
			targetProxy = 08D1159228FAC684003ED4CA /* PBXContainerItemProxy */;
		};
/* End PBXTargetDependency section */

/* Begin PBXVariantGroup section */
		08D1157A28FAC683003ED4CA /* Main.storyboard */ = {
			isa = PBXVariantGroup;
			children = (
				08D1157B28FAC683003ED4CA /* Base */,
			);
			name = Main.storyboard;
			sourceTree = "<group>";
		};
		08D1157F28FAC684003ED4CA /* LaunchScreen.storyboard */ = {
			isa = PBXVariantGroup;
			children = (
				08D1158028FAC684003ED4CA /* Base */,
			);
			name = LaunchScreen.storyboard;
			sourceTree = "<group>";
		};
/* End PBXVariantGroup section */

/* Begin XCBuildConfiguration section */
		08D1159928FAC684003ED4CA /* Debug */ = {
			isa = XCBuildConfiguration;
			buildSettings = {
				ALWAYS_SEARCH_USER_PATHS = NO;
				CLANG_ANALYZER_NONNULL = YES;
				CLANG_ANALYZER_NUMBER_OBJECT_CONVERSION = YES_AGGRESSIVE;
				CLANG_CXX_LANGUAGE_STANDARD = "gnu++20";
				CLANG_ENABLE_MODULES = YES;
				CLANG_ENABLE_OBJC_ARC = YES;
				CLANG_ENABLE_OBJC_WEAK = YES;
				CLANG_WARN_BLOCK_CAPTURE_AUTORELEASING = YES;
				CLANG_WARN_BOOL_CONVERSION = YES;
				CLANG_WARN_COMMA = YES;
				CLANG_WARN_CONSTANT_CONVERSION = YES;
				CLANG_WARN_DEPRECATED_OBJC_IMPLEMENTATIONS = YES;
				CLANG_WARN_DIRECT_OBJC_ISA_USAGE = YES_ERROR;
				CLANG_WARN_DOCUMENTATION_COMMENTS = YES;
				CLANG_WARN_EMPTY_BODY = YES;
				CLANG_WARN_ENUM_CONVERSION = YES;
				CLANG_WARN_INFINITE_RECURSION = YES;
				CLANG_WARN_INT_CONVERSION = YES;
				CLANG_WARN_NON_LITERAL_NULL_CONVERSION = YES;
				CLANG_WARN_OBJC_IMPLICIT_RETAIN_SELF = YES;
				CLANG_WARN_OBJC_LITERAL_CONVERSION = YES;
				CLANG_WARN_OBJC_ROOT_CLASS = YES_ERROR;
				CLANG_WARN_QUOTED_INCLUDE_IN_FRAMEWORK_HEADER = YES;
				CLANG_WARN_RANGE_LOOP_ANALYSIS = YES;
				CLANG_WARN_STRICT_PROTOTYPES = YES;
				CLANG_WARN_SUSPICIOUS_MOVE = YES;
				CLANG_WARN_UNGUARDED_AVAILABILITY = YES_AGGRESSIVE;
				CLANG_WARN_UNREACHABLE_CODE = YES;
				CLANG_WARN__DUPLICATE_METHOD_MATCH = YES;
				COPY_PHASE_STRIP = NO;
				DEBUG_INFORMATION_FORMAT = dwarf;
				ENABLE_STRICT_OBJC_MSGSEND = YES;
				ENABLE_TESTABILITY = YES;
				GCC_C_LANGUAGE_STANDARD = gnu11;
				GCC_DYNAMIC_NO_PIC = NO;
				GCC_NO_COMMON_BLOCKS = YES;
				GCC_OPTIMIZATION_LEVEL = 0;
				GCC_PREPROCESSOR_DEFINITIONS = (
					"DEBUG=1",
					"$(inherited)",
				);
				GCC_WARN_64_TO_32_BIT_CONVERSION = YES;
				GCC_WARN_ABOUT_RETURN_TYPE = YES_ERROR;
				GCC_WARN_UNDECLARED_SELECTOR = YES;
				GCC_WARN_UNINITIALIZED_AUTOS = YES_AGGRESSIVE;
				GCC_WARN_UNUSED_FUNCTION = YES;
				GCC_WARN_UNUSED_VARIABLE = YES;
				IPHONEOS_DEPLOYMENT_TARGET = 16.0;
				MTL_ENABLE_DEBUG_INFO = INCLUDE_SOURCE;
				MTL_FAST_MATH = YES;
				ONLY_ACTIVE_ARCH = YES;
				SDKROOT = iphoneos;
				SWIFT_ACTIVE_COMPILATION_CONDITIONS = DEBUG;
				SWIFT_OPTIMIZATION_LEVEL = "-Onone";
			};
			name = Debug;
		};
		08D1159A28FAC684003ED4CA /* Release */ = {
			isa = XCBuildConfiguration;
			buildSettings = {
				ALWAYS_SEARCH_USER_PATHS = NO;
				CLANG_ANALYZER_NONNULL = YES;
				CLANG_ANALYZER_NUMBER_OBJECT_CONVERSION = YES_AGGRESSIVE;
				CLANG_CXX_LANGUAGE_STANDARD = "gnu++20";
				CLANG_ENABLE_MODULES = YES;
				CLANG_ENABLE_OBJC_ARC = YES;
				CLANG_ENABLE_OBJC_WEAK = YES;
				CLANG_WARN_BLOCK_CAPTURE_AUTORELEASING = YES;
				CLANG_WARN_BOOL_CONVERSION = YES;
				CLANG_WARN_COMMA = YES;
				CLANG_WARN_CONSTANT_CONVERSION = YES;
				CLANG_WARN_DEPRECATED_OBJC_IMPLEMENTATIONS = YES;
				CLANG_WARN_DIRECT_OBJC_ISA_USAGE = YES_ERROR;
				CLANG_WARN_DOCUMENTATION_COMMENTS = YES;
				CLANG_WARN_EMPTY_BODY = YES;
				CLANG_WARN_ENUM_CONVERSION = YES;
				CLANG_WARN_INFINITE_RECURSION = YES;
				CLANG_WARN_INT_CONVERSION = YES;
				CLANG_WARN_NON_LITERAL_NULL_CONVERSION = YES;
				CLANG_WARN_OBJC_IMPLICIT_RETAIN_SELF = YES;
				CLANG_WARN_OBJC_LITERAL_CONVERSION = YES;
				CLANG_WARN_OBJC_ROOT_CLASS = YES_ERROR;
				CLANG_WARN_QUOTED_INCLUDE_IN_FRAMEWORK_HEADER = YES;
				CLANG_WARN_RANGE_LOOP_ANALYSIS = YES;
				CLANG_WARN_STRICT_PROTOTYPES = YES;
				CLANG_WARN_SUSPICIOUS_MOVE = YES;
				CLANG_WARN_UNGUARDED_AVAILABILITY = YES_AGGRESSIVE;
				CLANG_WARN_UNREACHABLE_CODE = YES;
				CLANG_WARN__DUPLICATE_METHOD_MATCH = YES;
				COPY_PHASE_STRIP = NO;
				DEBUG_INFORMATION_FORMAT = "dwarf-with-dsym";
				ENABLE_NS_ASSERTIONS = NO;
				ENABLE_STRICT_OBJC_MSGSEND = YES;
				GCC_C_LANGUAGE_STANDARD = gnu11;
				GCC_NO_COMMON_BLOCKS = YES;
				GCC_WARN_64_TO_32_BIT_CONVERSION = YES;
				GCC_WARN_ABOUT_RETURN_TYPE = YES_ERROR;
				GCC_WARN_UNDECLARED_SELECTOR = YES;
				GCC_WARN_UNINITIALIZED_AUTOS = YES_AGGRESSIVE;
				GCC_WARN_UNUSED_FUNCTION = YES;
				GCC_WARN_UNUSED_VARIABLE = YES;
				IPHONEOS_DEPLOYMENT_TARGET = 16.0;
				MTL_ENABLE_DEBUG_INFO = NO;
				MTL_FAST_MATH = YES;
				SDKROOT = iphoneos;
				SWIFT_COMPILATION_MODE = wholemodule;
				SWIFT_OPTIMIZATION_LEVEL = "-O";
				VALIDATE_PRODUCT = YES;
			};
			name = Release;
		};
		08D1159C28FAC684003ED4CA /* Debug */ = {
			isa = XCBuildConfiguration;
			baseConfigurationReference = 9C414561CC99E907C9FEBAAF /* Pods-Giffer.debug.xcconfig */;
			buildSettings = {
				ASSETCATALOG_COMPILER_APPICON_NAME = AppIcon;
				ASSETCATALOG_COMPILER_GLOBAL_ACCENT_COLOR_NAME = AccentColor;
				CODE_SIGN_STYLE = Automatic;
				CURRENT_PROJECT_VERSION = 1;
				GENERATE_INFOPLIST_FILE = YES;
				INFOPLIST_FILE = Giffer/Info.plist;
				INFOPLIST_KEY_UIApplicationSupportsIndirectInputEvents = YES;
				INFOPLIST_KEY_UILaunchStoryboardName = LaunchScreen;
				INFOPLIST_KEY_UIMainStoryboardFile = Main;
				INFOPLIST_KEY_UISupportedInterfaceOrientations_iPad = "UIInterfaceOrientationPortrait UIInterfaceOrientationPortraitUpsideDown UIInterfaceOrientationLandscapeLeft UIInterfaceOrientationLandscapeRight";
				INFOPLIST_KEY_UISupportedInterfaceOrientations_iPhone = "UIInterfaceOrientationPortrait UIInterfaceOrientationLandscapeLeft UIInterfaceOrientationLandscapeRight";
				LD_RUNPATH_SEARCH_PATHS = (
					"$(inherited)",
					"@executable_path/Frameworks",
				);
				MARKETING_VERSION = 1.0;
				PRODUCT_BUNDLE_IDENTIFIER = com.garynine.Giffer;
				PRODUCT_NAME = "$(TARGET_NAME)";
				SWIFT_EMIT_LOC_STRINGS = YES;
				SWIFT_VERSION = 5.0;
				TARGETED_DEVICE_FAMILY = "1,2";
			};
			name = Debug;
		};
		08D1159D28FAC684003ED4CA /* Release */ = {
			isa = XCBuildConfiguration;
			baseConfigurationReference = FDBF6A738F10972AE332895E /* Pods-Giffer.release.xcconfig */;
			buildSettings = {
				ASSETCATALOG_COMPILER_APPICON_NAME = AppIcon;
				ASSETCATALOG_COMPILER_GLOBAL_ACCENT_COLOR_NAME = AccentColor;
				CODE_SIGN_STYLE = Automatic;
				CURRENT_PROJECT_VERSION = 1;
				GENERATE_INFOPLIST_FILE = YES;
				INFOPLIST_FILE = Giffer/Info.plist;
				INFOPLIST_KEY_UIApplicationSupportsIndirectInputEvents = YES;
				INFOPLIST_KEY_UILaunchStoryboardName = LaunchScreen;
				INFOPLIST_KEY_UIMainStoryboardFile = Main;
				INFOPLIST_KEY_UISupportedInterfaceOrientations_iPad = "UIInterfaceOrientationPortrait UIInterfaceOrientationPortraitUpsideDown UIInterfaceOrientationLandscapeLeft UIInterfaceOrientationLandscapeRight";
				INFOPLIST_KEY_UISupportedInterfaceOrientations_iPhone = "UIInterfaceOrientationPortrait UIInterfaceOrientationLandscapeLeft UIInterfaceOrientationLandscapeRight";
				LD_RUNPATH_SEARCH_PATHS = (
					"$(inherited)",
					"@executable_path/Frameworks",
				);
				MARKETING_VERSION = 1.0;
				PRODUCT_BUNDLE_IDENTIFIER = com.garynine.Giffer;
				PRODUCT_NAME = "$(TARGET_NAME)";
				SWIFT_EMIT_LOC_STRINGS = YES;
				SWIFT_VERSION = 5.0;
				TARGETED_DEVICE_FAMILY = "1,2";
			};
			name = Release;
		};
		08D1159F28FAC684003ED4CA /* Debug */ = {
			isa = XCBuildConfiguration;
			buildSettings = {
				ALWAYS_EMBED_SWIFT_STANDARD_LIBRARIES = YES;
				BUNDLE_LOADER = "$(TEST_HOST)";
				CODE_SIGN_STYLE = Automatic;
				CURRENT_PROJECT_VERSION = 1;
				GENERATE_INFOPLIST_FILE = YES;
				IPHONEOS_DEPLOYMENT_TARGET = 16.0;
				MARKETING_VERSION = 1.0;
				PRODUCT_BUNDLE_IDENTIFIER = com.garynine.GifferTests;
				PRODUCT_NAME = "$(TARGET_NAME)";
				SWIFT_EMIT_LOC_STRINGS = NO;
				SWIFT_VERSION = 5.0;
				TARGETED_DEVICE_FAMILY = "1,2";
				TEST_HOST = "$(BUILT_PRODUCTS_DIR)/Giffer.app/$(BUNDLE_EXECUTABLE_FOLDER_PATH)/Giffer";
			};
			name = Debug;
		};
		08D115A028FAC684003ED4CA /* Release */ = {
			isa = XCBuildConfiguration;
			buildSettings = {
				ALWAYS_EMBED_SWIFT_STANDARD_LIBRARIES = YES;
				BUNDLE_LOADER = "$(TEST_HOST)";
				CODE_SIGN_STYLE = Automatic;
				CURRENT_PROJECT_VERSION = 1;
				GENERATE_INFOPLIST_FILE = YES;
				IPHONEOS_DEPLOYMENT_TARGET = 16.0;
				MARKETING_VERSION = 1.0;
				PRODUCT_BUNDLE_IDENTIFIER = com.garynine.GifferTests;
				PRODUCT_NAME = "$(TARGET_NAME)";
				SWIFT_EMIT_LOC_STRINGS = NO;
				SWIFT_VERSION = 5.0;
				TARGETED_DEVICE_FAMILY = "1,2";
				TEST_HOST = "$(BUILT_PRODUCTS_DIR)/Giffer.app/$(BUNDLE_EXECUTABLE_FOLDER_PATH)/Giffer";
			};
			name = Release;
		};
		08D115A228FAC684003ED4CA /* Debug */ = {
			isa = XCBuildConfiguration;
			buildSettings = {
				ALWAYS_EMBED_SWIFT_STANDARD_LIBRARIES = YES;
				CODE_SIGN_STYLE = Automatic;
				CURRENT_PROJECT_VERSION = 1;
				GENERATE_INFOPLIST_FILE = YES;
				MARKETING_VERSION = 1.0;
				PRODUCT_BUNDLE_IDENTIFIER = com.garynine.GifferUITests;
				PRODUCT_NAME = "$(TARGET_NAME)";
				SWIFT_EMIT_LOC_STRINGS = NO;
				SWIFT_VERSION = 5.0;
				TARGETED_DEVICE_FAMILY = "1,2";
				TEST_TARGET_NAME = Giffer;
			};
			name = Debug;
		};
		08D115A328FAC684003ED4CA /* Release */ = {
			isa = XCBuildConfiguration;
			buildSettings = {
				ALWAYS_EMBED_SWIFT_STANDARD_LIBRARIES = YES;
				CODE_SIGN_STYLE = Automatic;
				CURRENT_PROJECT_VERSION = 1;
				GENERATE_INFOPLIST_FILE = YES;
				MARKETING_VERSION = 1.0;
				PRODUCT_BUNDLE_IDENTIFIER = com.garynine.GifferUITests;
				PRODUCT_NAME = "$(TARGET_NAME)";
				SWIFT_EMIT_LOC_STRINGS = NO;
				SWIFT_VERSION = 5.0;
				TARGETED_DEVICE_FAMILY = "1,2";
				TEST_TARGET_NAME = Giffer;
			};
			name = Release;
		};
/* End XCBuildConfiguration section */

/* Begin XCConfigurationList section */
		08D1156C28FAC683003ED4CA /* Build configuration list for PBXProject "Giffer" */ = {
			isa = XCConfigurationList;
			buildConfigurations = (
				08D1159928FAC684003ED4CA /* Debug */,
				08D1159A28FAC684003ED4CA /* Release */,
			);
			defaultConfigurationIsVisible = 0;
			defaultConfigurationName = Release;
		};
		08D1159B28FAC684003ED4CA /* Build configuration list for PBXNativeTarget "Giffer" */ = {
			isa = XCConfigurationList;
			buildConfigurations = (
				08D1159C28FAC684003ED4CA /* Debug */,
				08D1159D28FAC684003ED4CA /* Release */,
			);
			defaultConfigurationIsVisible = 0;
			defaultConfigurationName = Release;
		};
		08D1159E28FAC684003ED4CA /* Build configuration list for PBXNativeTarget "GifferTests" */ = {
			isa = XCConfigurationList;
			buildConfigurations = (
				08D1159F28FAC684003ED4CA /* Debug */,
				08D115A028FAC684003ED4CA /* Release */,
			);
			defaultConfigurationIsVisible = 0;
			defaultConfigurationName = Release;
		};
		08D115A128FAC684003ED4CA /* Build configuration list for PBXNativeTarget "GifferUITests" */ = {
			isa = XCConfigurationList;
			buildConfigurations = (
				08D115A228FAC684003ED4CA /* Debug */,
				08D115A328FAC684003ED4CA /* Release */,
			);
			defaultConfigurationIsVisible = 0;
			defaultConfigurationName = Release;
		};
/* End XCConfigurationList section */
	};
	rootObject = 08D1156928FAC683003ED4CA /* Project object */;
}
